
Microsoft Visual Studio Solution File, Format Version 12.00
# Visual Studio Version 16
VisualStudioVersion = 16.0.31613.86
MinimumVisualStudioVersion = 10.0.40219.1
Project("{9A19103F-16F7-4668-BE54-9A1E7A4F7556}") = "todojdgp.Common", "todojdgp.Common\todojdgp.Common.csproj", "{F4473140-5112-4998-B04E-E33F6E1486BF}"
EndProject
Project("{9A19103F-16F7-4668-BE54-9A1E7A4F7556}") = "todojdgp.Functions", "todojdgp.Functions\todojdgp.Functions.csproj", "{31A1A497-B73D-474B-959A-DAE80B8BD6C8}"
EndProject
Project("{9A19103F-16F7-4668-BE54-9A1E7A4F7556}") = "todojdgp.Tests", "todojdgp.Tests\todojdgp.Tests.csproj", "{8B62F5AF-D50A-46C5-98FD-3866D65B6B69}"
EndProject
Project("{FAE04EC0-301F-11D3-BF4B-00C04F79EFBC}") = "todojdgp.Test", "todojdgp.Test\todojdgp.Test.csproj", "{9C2F17BA-EF7E-4973-96D0-FDA21DBEA04A}"
EndProject
Global
	GlobalSection(SolutionConfigurationPlatforms) = preSolution
		Debug|Any CPU = Debug|Any CPU
		Release|Any CPU = Release|Any CPU
	EndGlobalSection
	GlobalSection(ProjectConfigurationPlatforms) = postSolution
		{F4473140-5112-4998-B04E-E33F6E1486BF}.Debug|Any CPU.ActiveCfg = Debug|Any CPU
		{F4473140-5112-4998-B04E-E33F6E1486BF}.Debug|Any CPU.Build.0 = Debug|Any CPU
		{F4473140-5112-4998-B04E-E33F6E1486BF}.Release|Any CPU.ActiveCfg = Release|Any CPU
		{F4473140-5112-4998-B04E-E33F6E1486BF}.Release|Any CPU.Build.0 = Release|Any CPU
		{31A1A497-B73D-474B-959A-DAE80B8BD6C8}.Debug|Any CPU.ActiveCfg = Debug|Any CPU
		{31A1A497-B73D-474B-959A-DAE80B8BD6C8}.Debug|Any CPU.Build.0 = Debug|Any CPU
		{31A1A497-B73D-474B-959A-DAE80B8BD6C8}.Release|Any CPU.ActiveCfg = Release|Any CPU
		{31A1A497-B73D-474B-959A-DAE80B8BD6C8}.Release|Any CPU.Build.0 = Release|Any CPU
		{8B62F5AF-D50A-46C5-98FD-3866D65B6B69}.Debug|Any CPU.ActiveCfg = Debug|Any CPU
		{8B62F5AF-D50A-46C5-98FD-3866D65B6B69}.Debug|Any CPU.Build.0 = Debug|Any CPU
		{8B62F5AF-D50A-46C5-98FD-3866D65B6B69}.Release|Any CPU.ActiveCfg = Release|Any CPU
		{8B62F5AF-D50A-46C5-98FD-3866D65B6B69}.Release|Any CPU.Build.0 = Release|Any CPU
		{9C2F17BA-EF7E-4973-96D0-FDA21DBEA04A}.Debug|Any CPU.ActiveCfg = Debug|Any CPU
		{9C2F17BA-EF7E-4973-96D0-FDA21DBEA04A}.Debug|Any CPU.Build.0 = Debug|Any CPU
		{9C2F17BA-EF7E-4973-96D0-FDA21DBEA04A}.Release|Any CPU.ActiveCfg = Release|Any CPU
		{9C2F17BA-EF7E-4973-96D0-FDA21DBEA04A}.Release|Any CPU.Build.0 = Release|Any CPU
	EndGlobalSection
	GlobalSection(SolutionProperties) = preSolution
		HideSolutionNode = FALSE
	EndGlobalSection
	GlobalSection(ExtensibilityGlobals) = postSolution
		SolutionGuid = {569F6E60-3B2C-4650-A4F4-990A7355B99B}
	EndGlobalSection
EndGlobal
